
Microsoft Visual Studio Solution File, Format Version 12.00
# Visual Studio Version 16
VisualStudioVersion = 16.0.29806.167
MinimumVisualStudioVersion = 10.0.40219.1
Project("{8BC9CEB8-8B4A-11D0-8D11-00A0C91BC942}") = "Lab_12", "Lab_12\Lab_12.vcxproj", "{29CF5605-D595-4BF1-B760-249FD5D22132}"
EndProject
Project("{8BC9CEB8-8B4A-11D0-8D11-00A0C91BC942}") = "Lab_13", "Lab_13\Lab_13.vcxproj", "{84EFECA0-832D-45BC-95F1-7C694E58E99E}"
EndProject
Project("{8BC9CEB8-8B4A-11D0-8D11-00A0C91BC942}") = "Lab_14", "Lab_14\Lab_14.vcxproj", "{0DDA28F7-9AE2-4035-9804-566D7A564C6E}"
EndProject
Project("{8BC9CEB8-8B4A-11D0-8D11-00A0C91BC942}") = "Lab_15", "Lab_15\Lab_15.vcxproj", "{B28B82DE-D123-4037-B52B-776B08FADACD}"
EndProject
Project("{8BC9CEB8-8B4A-11D0-8D11-00A0C91BC942}") = "Lab_16_", "Lab_16_\Lab_16_.vcxproj", "{99ABC027-04E2-472C-984A-4EAAF02AC75A}"
EndProject
Project("{8BC9CEB8-8B4A-11D0-8D11-00A0C91BC942}") = "ConsoleApplication2", "ConsoleApplication2\ConsoleApplication2.vcxproj", "{CFBF25F6-2670-4615-B605-6C8602E3012F}"
EndProject
Project("{8BC9CEB8-8B4A-11D0-8D11-00A0C91BC942}") = "Lab_15_dops", "Lab_15_dops\Lab_15_dops.vcxproj", "{D994C3E2-B257-46B7-AC49-1552303C9069}"
EndProject
Project("{8BC9CEB8-8B4A-11D0-8D11-00A0C91BC942}") = "Lab_16_dop3", "Lab_16_dop3\Lab_16_dop3.vcxproj", "{91FC33B2-20AB-43B9-BE01-F5DD2B1B4F3F}"
EndProject
Project("{8BC9CEB8-8B4A-11D0-8D11-00A0C91BC942}") = "Lab_16_dop1", "Lab_16_dop1\Lab_16_dop1.vcxproj", "{2F42ED11-8550-472C-AF02-9A6CCC6E0A65}"
EndProject
Project("{8BC9CEB8-8B4A-11D0-8D11-00A0C91BC942}") = "Lab_16_dop4", "Lab_16_dop4\Lab_16_dop4.vcxproj", "{46F9C4D0-DA0E-4320-92C4-CBE3E0642717}"
EndProject
Global
	GlobalSection(SolutionConfigurationPlatforms) = preSolution
		Debug|x64 = Debug|x64
		Debug|x86 = Debug|x86
		Release|x64 = Release|x64
		Release|x86 = Release|x86
	EndGlobalSection
	GlobalSection(ProjectConfigurationPlatforms) = postSolution
		{29CF5605-D595-4BF1-B760-249FD5D22132}.Debug|x64.ActiveCfg = Debug|x64
		{29CF5605-D595-4BF1-B760-249FD5D22132}.Debug|x64.Build.0 = Debug|x64
		{29CF5605-D595-4BF1-B760-249FD5D22132}.Debug|x86.ActiveCfg = Debug|Win32
		{29CF5605-D595-4BF1-B760-249FD5D22132}.Debug|x86.Build.0 = Debug|Win32
		{29CF5605-D595-4BF1-B760-249FD5D22132}.Release|x64.ActiveCfg = Release|x64
		{29CF5605-D595-4BF1-B760-249FD5D22132}.Release|x64.Build.0 = Release|x64
		{29CF5605-D595-4BF1-B760-249FD5D22132}.Release|x86.ActiveCfg = Release|Win32
		{29CF5605-D595-4BF1-B760-249FD5D22132}.Release|x86.Build.0 = Release|Win32
		{84EFECA0-832D-45BC-95F1-7C694E58E99E}.Debug|x64.ActiveCfg = Debug|x64
		{84EFECA0-832D-45BC-95F1-7C694E58E99E}.Debug|x64.Build.0 = Debug|x64
		{84EFECA0-832D-45BC-95F1-7C694E58E99E}.Debug|x86.ActiveCfg = Debug|Win32
		{84EFECA0-832D-45BC-95F1-7C694E58E99E}.Debug|x86.Build.0 = Debug|Win32
		{84EFECA0-832D-45BC-95F1-7C694E58E99E}.Release|x64.ActiveCfg = Release|x64
		{84EFECA0-832D-45BC-95F1-7C694E58E99E}.Release|x64.Build.0 = Release|x64
		{84EFECA0-832D-45BC-95F1-7C694E58E99E}.Release|x86.ActiveCfg = Release|Win32
		{84EFECA0-832D-45BC-95F1-7C694E58E99E}.Release|x86.Build.0 = Release|Win32
		{0DDA28F7-9AE2-4035-9804-566D7A564C6E}.Debug|x64.ActiveCfg = Debug|x64
		{0DDA28F7-9AE2-4035-9804-566D7A564C6E}.Debug|x64.Build.0 = Debug|x64
		{0DDA28F7-9AE2-4035-9804-566D7A564C6E}.Debug|x86.ActiveCfg = Debug|Win32
		{0DDA28F7-9AE2-4035-9804-566D7A564C6E}.Debug|x86.Build.0 = Debug|Win32
		{0DDA28F7-9AE2-4035-9804-566D7A564C6E}.Release|x64.ActiveCfg = Release|x64
		{0DDA28F7-9AE2-4035-9804-566D7A564C6E}.Release|x64.Build.0 = Release|x64
		{0DDA28F7-9AE2-4035-9804-566D7A564C6E}.Release|x86.ActiveCfg = Release|Win32
		{0DDA28F7-9AE2-4035-9804-566D7A564C6E}.Release|x86.Build.0 = Release|Win32
		{B28B82DE-D123-4037-B52B-776B08FADACD}.Debug|x64.ActiveCfg = Debug|x64
		{B28B82DE-D123-4037-B52B-776B08FADACD}.Debug|x64.Build.0 = Debug|x64
		{B28B82DE-D123-4037-B52B-776B08FADACD}.Debug|x86.ActiveCfg = Debug|Win32
		{B28B82DE-D123-4037-B52B-776B08FADACD}.Debug|x86.Build.0 = Debug|Win32
		{B28B82DE-D123-4037-B52B-776B08FADACD}.Release|x64.ActiveCfg = Release|x64
		{B28B82DE-D123-4037-B52B-776B08FADACD}.Release|x64.Build.0 = Release|x64
		{B28B82DE-D123-4037-B52B-776B08FADACD}.Release|x86.ActiveCfg = Release|Win32
		{B28B82DE-D123-4037-B52B-776B08FADACD}.Release|x86.Build.0 = Release|Win32
		{99ABC027-04E2-472C-984A-4EAAF02AC75A}.Debug|x64.ActiveCfg = Debug|x64
		{99ABC027-04E2-472C-984A-4EAAF02AC75A}.Debug|x64.Build.0 = Debug|x64
		{99ABC027-04E2-472C-984A-4EAAF02AC75A}.Debug|x86.ActiveCfg = Debug|Win32
		{99ABC027-04E2-472C-984A-4EAAF02AC75A}.Debug|x86.Build.0 = Debug|Win32
		{99ABC027-04E2-472C-984A-4EAAF02AC75A}.Release|x64.ActiveCfg = Release|x64
		{99ABC027-04E2-472C-984A-4EAAF02AC75A}.Release|x64.Build.0 = Release|x64
		{99ABC027-04E2-472C-984A-4EAAF02AC75A}.Release|x86.ActiveCfg = Release|Win32
		{99ABC027-04E2-472C-984A-4EAAF02AC75A}.Release|x86.Build.0 = Release|Win32
		{CFBF25F6-2670-4615-B605-6C8602E3012F}.Debug|x64.ActiveCfg = Debug|x64
		{CFBF25F6-2670-4615-B605-6C8602E3012F}.Debug|x64.Build.0 = Debug|x64
		{CFBF25F6-2670-4615-B605-6C8602E3012F}.Debug|x86.ActiveCfg = Debug|Win32
		{CFBF25F6-2670-4615-B605-6C8602E3012F}.Debug|x86.Build.0 = Debug|Win32
		{CFBF25F6-2670-4615-B605-6C8602E3012F}.Release|x64.ActiveCfg = Release|x64
		{CFBF25F6-2670-4615-B605-6C8602E3012F}.Release|x64.Build.0 = Release|x64
		{CFBF25F6-2670-4615-B605-6C8602E3012F}.Release|x86.ActiveCfg = Release|Win32
		{CFBF25F6-2670-4615-B605-6C8602E3012F}.Release|x86.Build.0 = Release|Win32
		{D994C3E2-B257-46B7-AC49-1552303C9069}.Debug|x64.ActiveCfg = Debug|x64
		{D994C3E2-B257-46B7-AC49-1552303C9069}.Debug|x64.Build.0 = Debug|x64
		{D994C3E2-B257-46B7-AC49-1552303C9069}.Debug|x86.ActiveCfg = Debug|Win32
		{D994C3E2-B257-46B7-AC49-1552303C9069}.Debug|x86.Build.0 = Debug|Win32
		{D994C3E2-B257-46B7-AC49-1552303C9069}.Release|x64.ActiveCfg = Release|x64
		{D994C3E2-B257-46B7-AC49-1552303C9069}.Release|x64.Build.0 = Release|x64
		{D994C3E2-B257-46B7-AC49-1552303C9069}.Release|x86.ActiveCfg = Release|Win32
		{D994C3E2-B257-46B7-AC49-1552303C9069}.Release|x86.Build.0 = Release|Win32
		{91FC33B2-20AB-43B9-BE01-F5DD2B1B4F3F}.Debug|x64.ActiveCfg = Debug|x64
		{91FC33B2-20AB-43B9-BE01-F5DD2B1B4F3F}.Debug|x64.Build.0 = Debug|x64
		{91FC33B2-20AB-43B9-BE01-F5DD2B1B4F3F}.Debug|x86.ActiveCfg = Debug|Win32
		{91FC33B2-20AB-43B9-BE01-F5DD2B1B4F3F}.Debug|x86.Build.0 = Debug|Win32
		{91FC33B2-20AB-43B9-BE01-F5DD2B1B4F3F}.Release|x64.ActiveCfg = Release|x64
		{91FC33B2-20AB-43B9-BE01-F5DD2B1B4F3F}.Release|x64.Build.0 = Release|x64
		{91FC33B2-20AB-43B9-BE01-F5DD2B1B4F3F}.Release|x86.ActiveCfg = Release|Win32
		{91FC33B2-20AB-43B9-BE01-F5DD2B1B4F3F}.Release|x86.Build.0 = Release|Win32
		{2F42ED11-8550-472C-AF02-9A6CCC6E0A65}.Debug|x64.ActiveCfg = Debug|x64
		{2F42ED11-8550-472C-AF02-9A6CCC6E0A65}.Debug|x64.Build.0 = Debug|x64
		{2F42ED11-8550-472C-AF02-9A6CCC6E0A65}.Debug|x86.ActiveCfg = Debug|Win32
		{2F42ED11-8550-472C-AF02-9A6CCC6E0A65}.Debug|x86.Build.0 = Debug|Win32
		{2F42ED11-8550-472C-AF02-9A6CCC6E0A65}.Release|x64.ActiveCfg = Release|x64
		{2F42ED11-8550-472C-AF02-9A6CCC6E0A65}.Release|x64.Build.0 = Release|x64
		{2F42ED11-8550-472C-AF02-9A6CCC6E0A65}.Release|x86.ActiveCfg = Release|Win32
		{2F42ED11-8550-472C-AF02-9A6CCC6E0A65}.Release|x86.Build.0 = Release|Win32
		{46F9C4D0-DA0E-4320-92C4-CBE3E0642717}.Debug|x64.ActiveCfg = Debug|x64
		{46F9C4D0-DA0E-4320-92C4-CBE3E0642717}.Debug|x64.Build.0 = Debug|x64
		{46F9C4D0-DA0E-4320-92C4-CBE3E0642717}.Debug|x86.ActiveCfg = Debug|Win32
		{46F9C4D0-DA0E-4320-92C4-CBE3E0642717}.Debug|x86.Build.0 = Debug|Win32
		{46F9C4D0-DA0E-4320-92C4-CBE3E0642717}.Release|x64.ActiveCfg = Release|x64
		{46F9C4D0-DA0E-4320-92C4-CBE3E0642717}.Release|x64.Build.0 = Release|x64
		{46F9C4D0-DA0E-4320-92C4-CBE3E0642717}.Release|x86.ActiveCfg = Release|Win32
		{46F9C4D0-DA0E-4320-92C4-CBE3E0642717}.Release|x86.Build.0 = Release|Win32
	EndGlobalSection
	GlobalSection(SolutionProperties) = preSolution
		HideSolutionNode = FALSE
	EndGlobalSection
	GlobalSection(ExtensibilityGlobals) = postSolution
		SolutionGuid = {300F062E-BB5E-45D0-9AE3-2090765F2499}
	EndGlobalSection
EndGlobal
